// !$*UTF8*$!
{
	archiveVersion = 1;
	classes = {
	};
	objectVersion = 56;
	objects = {

/* Begin PBXBuildFile section */
		D09587E42CB9142200BCD04B /* SwiftiDate_AdminApp.swift in Sources */ = {isa = PBXBuildFile; fileRef = D09587E32CB9142200BCD04B /* SwiftiDate_AdminApp.swift */; };
		D09587E62CB9142200BCD04B /* ContentView.swift in Sources */ = {isa = PBXBuildFile; fileRef = D09587E52CB9142200BCD04B /* ContentView.swift */; };
		D09587E82CB9142400BCD04B /* Assets.xcassets in Resources */ = {isa = PBXBuildFile; fileRef = D09587E72CB9142400BCD04B /* Assets.xcassets */; };
		D09587EB2CB9142400BCD04B /* Preview Assets.xcassets in Resources */ = {isa = PBXBuildFile; fileRef = D09587EA2CB9142400BCD04B /* Preview Assets.xcassets */; };
		D09587F62CB9142400BCD04B /* SwiftiDate_AdminTests.swift in Sources */ = {isa = PBXBuildFile; fileRef = D09587F52CB9142400BCD04B /* SwiftiDate_AdminTests.swift */; };
		D09588002CB9142400BCD04B /* SwiftiDate_AdminUITests.swift in Sources */ = {isa = PBXBuildFile; fileRef = D09587FF2CB9142400BCD04B /* SwiftiDate_AdminUITests.swift */; };
		D09588022CB9142400BCD04B /* SwiftiDate_AdminUITestsLaunchTests.swift in Sources */ = {isa = PBXBuildFile; fileRef = D09588012CB9142400BCD04B /* SwiftiDate_AdminUITestsLaunchTests.swift */; };
/* End PBXBuildFile section */

/* Begin PBXContainerItemProxy section */
		D09587F22CB9142400BCD04B /* PBXContainerItemProxy */ = {
			isa = PBXContainerItemProxy;
			containerPortal = D09587D82CB9142200BCD04B /* Project object */;
			proxyType = 1;
			remoteGlobalIDString = D09587DF2CB9142200BCD04B;
			remoteInfo = "SwiftiDate-Admin";
		};
		D09587FC2CB9142400BCD04B /* PBXContainerItemProxy */ = {
			isa = PBXContainerItemProxy;
			containerPortal = D09587D82CB9142200BCD04B /* Project object */;
			proxyType = 1;
			remoteGlobalIDString = D09587DF2CB9142200BCD04B;
			remoteInfo = "SwiftiDate-Admin";
		};
/* End PBXContainerItemProxy section */

/* Begin PBXFileReference section */
		D09587E02CB9142200BCD04B /* SwiftiDate-Admin.app */ = {isa = PBXFileReference; explicitFileType = wrapper.application; includeInIndex = 0; path = "SwiftiDate-Admin.app"; sourceTree = BUILT_PRODUCTS_DIR; };
		D09587E32CB9142200BCD04B /* SwiftiDate_AdminApp.swift */ = {isa = PBXFileReference; lastKnownFileType = sourcecode.swift; path = SwiftiDate_AdminApp.swift; sourceTree = "<group>"; };
		D09587E52CB9142200BCD04B /* ContentView.swift */ = {isa = PBXFileReference; lastKnownFileType = sourcecode.swift; path = ContentView.swift; sourceTree = "<group>"; };
		D09587E72CB9142400BCD04B /* Assets.xcassets */ = {isa = PBXFileReference; lastKnownFileType = folder.assetcatalog; path = Assets.xcassets; sourceTree = "<group>"; };
		D09587EA2CB9142400BCD04B /* Preview Assets.xcassets */ = {isa = PBXFileReference; lastKnownFileType = folder.assetcatalog; path = "Preview Assets.xcassets"; sourceTree = "<group>"; };
		D09587EC2CB9142400BCD04B /* SwiftiDate_Admin.entitlements */ = {isa = PBXFileReference; lastKnownFileType = text.plist.entitlements; path = SwiftiDate_Admin.entitlements; sourceTree = "<group>"; };
		D09587F12CB9142400BCD04B /* SwiftiDate-AdminTests.xctest */ = {isa = PBXFileReference; explicitFileType = wrapper.cfbundle; includeInIndex = 0; path = "SwiftiDate-AdminTests.xctest"; sourceTree = BUILT_PRODUCTS_DIR; };
		D09587F52CB9142400BCD04B /* SwiftiDate_AdminTests.swift */ = {isa = PBXFileReference; lastKnownFileType = sourcecode.swift; path = SwiftiDate_AdminTests.swift; sourceTree = "<group>"; };
		D09587FB2CB9142400BCD04B /* SwiftiDate-AdminUITests.xctest */ = {isa = PBXFileReference; explicitFileType = wrapper.cfbundle; includeInIndex = 0; path = "SwiftiDate-AdminUITests.xctest"; sourceTree = BUILT_PRODUCTS_DIR; };
		D09587FF2CB9142400BCD04B /* SwiftiDate_AdminUITests.swift */ = {isa = PBXFileReference; lastKnownFileType = sourcecode.swift; path = SwiftiDate_AdminUITests.swift; sourceTree = "<group>"; };
		D09588012CB9142400BCD04B /* SwiftiDate_AdminUITestsLaunchTests.swift */ = {isa = PBXFileReference; lastKnownFileType = sourcecode.swift; path = SwiftiDate_AdminUITestsLaunchTests.swift; sourceTree = "<group>"; };
/* End PBXFileReference section */

/* Begin PBXFrameworksBuildPhase section */
		D09587DD2CB9142200BCD04B /* Frameworks */ = {
			isa = PBXFrameworksBuildPhase;
			buildActionMask = 2147483647;
			files = (
			);
			runOnlyForDeploymentPostprocessing = 0;
		};
		D09587EE2CB9142400BCD04B /* Frameworks */ = {
			isa = PBXFrameworksBuildPhase;
			buildActionMask = 2147483647;
			files = (
			);
			runOnlyForDeploymentPostprocessing = 0;
		};
		D09587F82CB9142400BCD04B /* Frameworks */ = {
			isa = PBXFrameworksBuildPhase;
			buildActionMask = 2147483647;
			files = (
			);
			runOnlyForDeploymentPostprocessing = 0;
		};
/* End PBXFrameworksBuildPhase section */

/* Begin PBXGroup section */
		D09587D72CB9142200BCD04B = {
			isa = PBXGroup;
			children = (
				D09587E22CB9142200BCD04B /* SwiftiDate-Admin */,
				D09587F42CB9142400BCD04B /* SwiftiDate-AdminTests */,
				D09587FE2CB9142400BCD04B /* SwiftiDate-AdminUITests */,
				D09587E12CB9142200BCD04B /* Products */,
			);
			sourceTree = "<group>";
		};
		D09587E12CB9142200BCD04B /* Products */ = {
			isa = PBXGroup;
			children = (
				D09587E02CB9142200BCD04B /* SwiftiDate-Admin.app */,
				D09587F12CB9142400BCD04B /* SwiftiDate-AdminTests.xctest */,
				D09587FB2CB9142400BCD04B /* SwiftiDate-AdminUITests.xctest */,
			);
			name = Products;
			sourceTree = "<group>";
		};
		D09587E22CB9142200BCD04B /* SwiftiDate-Admin */ = {
			isa = PBXGroup;
			children = (
				D09587E32CB9142200BCD04B /* SwiftiDate_AdminApp.swift */,
				D09587E52CB9142200BCD04B /* ContentView.swift */,
				D09587E72CB9142400BCD04B /* Assets.xcassets */,
				D09587EC2CB9142400BCD04B /* SwiftiDate_Admin.entitlements */,
				D09587E92CB9142400BCD04B /* Preview Content */,
			);
			path = "SwiftiDate-Admin";
			sourceTree = "<group>";
		};
		D09587E92CB9142400BCD04B /* Preview Content */ = {
			isa = PBXGroup;
			children = (
				D09587EA2CB9142400BCD04B /* Preview Assets.xcassets */,
			);
			path = "Preview Content";
			sourceTree = "<group>";
		};
		D09587F42CB9142400BCD04B /* SwiftiDate-AdminTests */ = {
			isa = PBXGroup;
			children = (
				D09587F52CB9142400BCD04B /* SwiftiDate_AdminTests.swift */,
			);
			path = "SwiftiDate-AdminTests";
			sourceTree = "<group>";
		};
		D09587FE2CB9142400BCD04B /* SwiftiDate-AdminUITests */ = {
			isa = PBXGroup;
			children = (
				D09587FF2CB9142400BCD04B /* SwiftiDate_AdminUITests.swift */,
				D09588012CB9142400BCD04B /* SwiftiDate_AdminUITestsLaunchTests.swift */,
			);
			path = "SwiftiDate-AdminUITests";
			sourceTree = "<group>";
		};
/* End PBXGroup section */

/* Begin PBXNativeTarget section */
		D09587DF2CB9142200BCD04B /* SwiftiDate-Admin */ = {
			isa = PBXNativeTarget;
			buildConfigurationList = D09588052CB9142400BCD04B /* Build configuration list for PBXNativeTarget "SwiftiDate-Admin" */;
			buildPhases = (
				D09587DC2CB9142200BCD04B /* Sources */,
				D09587DD2CB9142200BCD04B /* Frameworks */,
				D09587DE2CB9142200BCD04B /* Resources */,
			);
			buildRules = (
			);
			dependencies = (
			);
			name = "SwiftiDate-Admin";
			productName = "SwiftiDate-Admin";
			productReference = D09587E02CB9142200BCD04B /* SwiftiDate-Admin.app */;
			productType = "com.apple.product-type.application";
		};
		D09587F02CB9142400BCD04B /* SwiftiDate-AdminTests */ = {
			isa = PBXNativeTarget;
			buildConfigurationList = D09588082CB9142400BCD04B /* Build configuration list for PBXNativeTarget "SwiftiDate-AdminTests" */;
			buildPhases = (
				D09587ED2CB9142400BCD04B /* Sources */,
				D09587EE2CB9142400BCD04B /* Frameworks */,
				D09587EF2CB9142400BCD04B /* Resources */,
			);
			buildRules = (
			);
			dependencies = (
				D09587F32CB9142400BCD04B /* PBXTargetDependency */,
			);
			name = "SwiftiDate-AdminTests";
			productName = "SwiftiDate-AdminTests";
			productReference = D09587F12CB9142400BCD04B /* SwiftiDate-AdminTests.xctest */;
			productType = "com.apple.product-type.bundle.unit-test";
		};
		D09587FA2CB9142400BCD04B /* SwiftiDate-AdminUITests */ = {
			isa = PBXNativeTarget;
			buildConfigurationList = D095880B2CB9142400BCD04B /* Build configuration list for PBXNativeTarget "SwiftiDate-AdminUITests" */;
			buildPhases = (
				D09587F72CB9142400BCD04B /* Sources */,
				D09587F82CB9142400BCD04B /* Frameworks */,
				D09587F92CB9142400BCD04B /* Resources */,
			);
			buildRules = (
			);
			dependencies = (
				D09587FD2CB9142400BCD04B /* PBXTargetDependency */,
			);
			name = "SwiftiDate-AdminUITests";
			productName = "SwiftiDate-AdminUITests";
			productReference = D09587FB2CB9142400BCD04B /* SwiftiDate-AdminUITests.xctest */;
			productType = "com.apple.product-type.bundle.ui-testing";
		};
/* End PBXNativeTarget section */

/* Begin PBXProject section */
		D09587D82CB9142200BCD04B /* Project object */ = {
			isa = PBXProject;
			attributes = {
				BuildIndependentTargetsInParallel = 1;
				LastSwiftUpdateCheck = 1540;
				LastUpgradeCheck = 1540;
				TargetAttributes = {
					D09587DF2CB9142200BCD04B = {
						CreatedOnToolsVersion = 15.4;
					};
					D09587F02CB9142400BCD04B = {
						CreatedOnToolsVersion = 15.4;
						TestTargetID = D09587DF2CB9142200BCD04B;
					};
					D09587FA2CB9142400BCD04B = {
						CreatedOnToolsVersion = 15.4;
						TestTargetID = D09587DF2CB9142200BCD04B;
					};
				};
			};
			buildConfigurationList = D09587DB2CB9142200BCD04B /* Build configuration list for PBXProject "SwiftiDate-Admin" */;
			compatibilityVersion = "Xcode 14.0";
			developmentRegion = en;
			hasScannedForEncodings = 0;
			knownRegions = (
				en,
				Base,
			);
			mainGroup = D09587D72CB9142200BCD04B;
			productRefGroup = D09587E12CB9142200BCD04B /* Products */;
			projectDirPath = "";
			projectRoot = "";
			targets = (
				D09587DF2CB9142200BCD04B /* SwiftiDate-Admin */,
				D09587F02CB9142400BCD04B /* SwiftiDate-AdminTests */,
				D09587FA2CB9142400BCD04B /* SwiftiDate-AdminUITests */,
			);
		};
/* End PBXProject section */

/* Begin PBXResourcesBuildPhase section */
		D09587DE2CB9142200BCD04B /* Resources */ = {
			isa = PBXResourcesBuildPhase;
			buildActionMask = 2147483647;
			files = (
				D09587EB2CB9142400BCD04B /* Preview Assets.xcassets in Resources */,
				D09587E82CB9142400BCD04B /* Assets.xcassets in Resources */,
			);
			runOnlyForDeploymentPostprocessing = 0;
		};
		D09587EF2CB9142400BCD04B /* Resources */ = {
			isa = PBXResourcesBuildPhase;
			buildActionMask = 2147483647;
			files = (
			);
			runOnlyForDeploymentPostprocessing = 0;
		};
		D09587F92CB9142400BCD04B /* Resources */ = {
			isa = PBXResourcesBuildPhase;
			buildActionMask = 2147483647;
			files = (
			);
			runOnlyForDeploymentPostprocessing = 0;
		};
/* End PBXResourcesBuildPhase section */

/* Begin PBXSourcesBuildPhase section */
		D09587DC2CB9142200BCD04B /* Sources */ = {
			isa = PBXSourcesBuildPhase;
			buildActionMask = 2147483647;
			files = (
				D09587E62CB9142200BCD04B /* ContentView.swift in Sources */,
				D09587E42CB9142200BCD04B /* SwiftiDate_AdminApp.swift in Sources */,
			);
			runOnlyForDeploymentPostprocessing = 0;
		};
		D09587ED2CB9142400BCD04B /* Sources */ = {
			isa = PBXSourcesBuildPhase;
			buildActionMask = 2147483647;
			files = (
				D09587F62CB9142400BCD04B /* SwiftiDate_AdminTests.swift in Sources */,
			);
			runOnlyForDeploymentPostprocessing = 0;
		};
		D09587F72CB9142400BCD04B /* Sources */ = {
			isa = PBXSourcesBuildPhase;
			buildActionMask = 2147483647;
			files = (
				D09588022CB9142400BCD04B /* SwiftiDate_AdminUITestsLaunchTests.swift in Sources */,
				D09588002CB9142400BCD04B /* SwiftiDate_AdminUITests.swift in Sources */,
			);
			runOnlyForDeploymentPostprocessing = 0;
		};
/* End PBXSourcesBuildPhase section */

/* Begin PBXTargetDependency section */
		D09587F32CB9142400BCD04B /* PBXTargetDependency */ = {
			isa = PBXTargetDependency;
			target = D09587DF2CB9142200BCD04B /* SwiftiDate-Admin */;
			targetProxy = D09587F22CB9142400BCD04B /* PBXContainerItemProxy */;
		};
		D09587FD2CB9142400BCD04B /* PBXTargetDependency */ = {
			isa = PBXTargetDependency;
			target = D09587DF2CB9142200BCD04B /* SwiftiDate-Admin */;
			targetProxy = D09587FC2CB9142400BCD04B /* PBXContainerItemProxy */;
		};
/* End PBXTargetDependency section */

/* Begin XCBuildConfiguration section */
		D09588032CB9142400BCD04B /* Debug */ = {
			isa = XCBuildConfiguration;
			buildSettings = {
				ALWAYS_SEARCH_USER_PATHS = NO;
				ASSETCATALOG_COMPILER_GENERATE_SWIFT_ASSET_SYMBOL_EXTENSIONS = YES;
				CLANG_ANALYZER_NONNULL = YES;
				CLANG_ANALYZER_NUMBER_OBJECT_CONVERSION = YES_AGGRESSIVE;
				CLANG_CXX_LANGUAGE_STANDARD = "gnu++20";
				CLANG_ENABLE_MODULES = YES;
				CLANG_ENABLE_OBJC_ARC = YES;
				CLANG_ENABLE_OBJC_WEAK = YES;
				CLANG_WARN_BLOCK_CAPTURE_AUTORELEASING = YES;
				CLANG_WARN_BOOL_CONVERSION = YES;
				CLANG_WARN_COMMA = YES;
				CLANG_WARN_CONSTANT_CONVERSION = YES;
				CLANG_WARN_DEPRECATED_OBJC_IMPLEMENTATIONS = YES;
				CLANG_WARN_DIRECT_OBJC_ISA_USAGE = YES_ERROR;
				CLANG_WARN_DOCUMENTATION_COMMENTS = YES;
				CLANG_WARN_EMPTY_BODY = YES;
				CLANG_WARN_ENUM_CONVERSION = YES;
				CLANG_WARN_INFINITE_RECURSION = YES;
				CLANG_WARN_INT_CONVERSION = YES;
				CLANG_WARN_NON_LITERAL_NULL_CONVERSION = YES;
				CLANG_WARN_OBJC_IMPLICIT_RETAIN_SELF = YES;
				CLANG_WARN_OBJC_LITERAL_CONVERSION = YES;
				CLANG_WARN_OBJC_ROOT_CLASS = YES_ERROR;
				CLANG_WARN_QUOTED_INCLUDE_IN_FRAMEWORK_HEADER = YES;
				CLANG_WARN_RANGE_LOOP_ANALYSIS = YES;
				CLANG_WARN_STRICT_PROTOTYPES = YES;
				CLANG_WARN_SUSPICIOUS_MOVE = YES;
				CLANG_WARN_UNGUARDED_AVAILABILITY = YES_AGGRESSIVE;
				CLANG_WARN_UNREACHABLE_CODE = YES;
				CLANG_WARN__DUPLICATE_METHOD_MATCH = YES;
				COPY_PHASE_STRIP = NO;
				DEBUG_INFORMATION_FORMAT = dwarf;
				ENABLE_STRICT_OBJC_MSGSEND = YES;
				ENABLE_TESTABILITY = YES;
				ENABLE_USER_SCRIPT_SANDBOXING = YES;
				GCC_C_LANGUAGE_STANDARD = gnu17;
				GCC_DYNAMIC_NO_PIC = NO;
				GCC_NO_COMMON_BLOCKS = YES;
				GCC_OPTIMIZATION_LEVEL = 0;
				GCC_PREPROCESSOR_DEFINITIONS = (
					"DEBUG=1",
					"$(inherited)",
				);
				GCC_WARN_64_TO_32_BIT_CONVERSION = YES;
				GCC_WARN_ABOUT_RETURN_TYPE = YES_ERROR;
				GCC_WARN_UNDECLARED_SELECTOR = YES;
				GCC_WARN_UNINITIALIZED_AUTOS = YES_AGGRESSIVE;
				GCC_WARN_UNUSED_FUNCTION = YES;
				GCC_WARN_UNUSED_VARIABLE = YES;
				LOCALIZATION_PREFERS_STRING_CATALOGS = YES;
				MACOSX_DEPLOYMENT_TARGET = 14.5;
				MTL_ENABLE_DEBUG_INFO = INCLUDE_SOURCE;
				MTL_FAST_MATH = YES;
				ONLY_ACTIVE_ARCH = YES;
				SDKROOT = macosx;
				SWIFT_ACTIVE_COMPILATION_CONDITIONS = "DEBUG $(inherited)";
				SWIFT_OPTIMIZATION_LEVEL = "-Onone";
			};
			name = Debug;
		};
		D09588042CB9142400BCD04B /* Release */ = {
			isa = XCBuildConfiguration;
			buildSettings = {
				ALWAYS_SEARCH_USER_PATHS = NO;
				ASSETCATALOG_COMPILER_GENERATE_SWIFT_ASSET_SYMBOL_EXTENSIONS = YES;
				CLANG_ANALYZER_NONNULL = YES;
				CLANG_ANALYZER_NUMBER_OBJECT_CONVERSION = YES_AGGRESSIVE;
				CLANG_CXX_LANGUAGE_STANDARD = "gnu++20";
				CLANG_ENABLE_MODULES = YES;
				CLANG_ENABLE_OBJC_ARC = YES;
				CLANG_ENABLE_OBJC_WEAK = YES;
				CLANG_WARN_BLOCK_CAPTURE_AUTORELEASING = YES;
				CLANG_WARN_BOOL_CONVERSION = YES;
				CLANG_WARN_COMMA = YES;
				CLANG_WARN_CONSTANT_CONVERSION = YES;
				CLANG_WARN_DEPRECATED_OBJC_IMPLEMENTATIONS = YES;
				CLANG_WARN_DIRECT_OBJC_ISA_USAGE = YES_ERROR;
				CLANG_WARN_DOCUMENTATION_COMMENTS = YES;
				CLANG_WARN_EMPTY_BODY = YES;
				CLANG_WARN_ENUM_CONVERSION = YES;
				CLANG_WARN_INFINITE_RECURSION = YES;
				CLANG_WARN_INT_CONVERSION = YES;
				CLANG_WARN_NON_LITERAL_NULL_CONVERSION = YES;
				CLANG_WARN_OBJC_IMPLICIT_RETAIN_SELF = YES;
				CLANG_WARN_OBJC_LITERAL_CONVERSION = YES;
				CLANG_WARN_OBJC_ROOT_CLASS = YES_ERROR;
				CLANG_WARN_QUOTED_INCLUDE_IN_FRAMEWORK_HEADER = YES;
				CLANG_WARN_RANGE_LOOP_ANALYSIS = YES;
				CLANG_WARN_STRICT_PROTOTYPES = YES;
				CLANG_WARN_SUSPICIOUS_MOVE = YES;
				CLANG_WARN_UNGUARDED_AVAILABILITY = YES_AGGRESSIVE;
				CLANG_WARN_UNREACHABLE_CODE = YES;
				CLANG_WARN__DUPLICATE_METHOD_MATCH = YES;
				COPY_PHASE_STRIP = NO;
				DEBUG_INFORMATION_FORMAT = "dwarf-with-dsym";
				ENABLE_NS_ASSERTIONS = NO;
				ENABLE_STRICT_OBJC_MSGSEND = YES;
				ENABLE_USER_SCRIPT_SANDBOXING = YES;
				GCC_C_LANGUAGE_STANDARD = gnu17;
				GCC_NO_COMMON_BLOCKS = YES;
				GCC_WARN_64_TO_32_BIT_CONVERSION = YES;
				GCC_WARN_ABOUT_RETURN_TYPE = YES_ERROR;
				GCC_WARN_UNDECLARED_SELECTOR = YES;
				GCC_WARN_UNINITIALIZED_AUTOS = YES_AGGRESSIVE;
				GCC_WARN_UNUSED_FUNCTION = YES;
				GCC_WARN_UNUSED_VARIABLE = YES;
				LOCALIZATION_PREFERS_STRING_CATALOGS = YES;
				MACOSX_DEPLOYMENT_TARGET = 14.5;
				MTL_ENABLE_DEBUG_INFO = NO;
				MTL_FAST_MATH = YES;
				SDKROOT = macosx;
				SWIFT_COMPILATION_MODE = wholemodule;
			};
			name = Release;
		};
		D09588062CB9142400BCD04B /* Debug */ = {
			isa = XCBuildConfiguration;
			buildSettings = {
				ASSETCATALOG_COMPILER_APPICON_NAME = AppIcon;
				ASSETCATALOG_COMPILER_GLOBAL_ACCENT_COLOR_NAME = AccentColor;
				CODE_SIGN_ENTITLEMENTS = "SwiftiDate-Admin/SwiftiDate_Admin.entitlements";
				CODE_SIGN_STYLE = Automatic;
				COMBINE_HIDPI_IMAGES = YES;
				CURRENT_PROJECT_VERSION = 1;
				DEVELOPMENT_ASSET_PATHS = "\"SwiftiDate-Admin/Preview Content\"";
				DEVELOPMENT_TEAM = 5YGLWU7828;
				ENABLE_HARDENED_RUNTIME = YES;
				ENABLE_PREVIEWS = YES;
				GENERATE_INFOPLIST_FILE = YES;
				INFOPLIST_KEY_NSHumanReadableCopyright = "";
				LD_RUNPATH_SEARCH_PATHS = (
					"$(inherited)",
					"@executable_path/../Frameworks",
				);
				MARKETING_VERSION = 1.0;
				PRODUCT_BUNDLE_IDENTIFIER = "stevenstudio.SwiftiDate-Admin";
				PRODUCT_NAME = "$(TARGET_NAME)";
				SWIFT_EMIT_LOC_STRINGS = YES;
				SWIFT_VERSION = 5.0;
			};
			name = Debug;
		};
		D09588072CB9142400BCD04B /* Release */ = {
			isa = XCBuildConfiguration;
			buildSettings = {
				ASSETCATALOG_COMPILER_APPICON_NAME = AppIcon;
				ASSETCATALOG_COMPILER_GLOBAL_ACCENT_COLOR_NAME = AccentColor;
				CODE_SIGN_ENTITLEMENTS = "SwiftiDate-Admin/SwiftiDate_Admin.entitlements";
				CODE_SIGN_STYLE = Automatic;
				COMBINE_HIDPI_IMAGES = YES;
				CURRENT_PROJECT_VERSION = 1;
				DEVELOPMENT_ASSET_PATHS = "\"SwiftiDate-Admin/Preview Content\"";
				DEVELOPMENT_TEAM = 5YGLWU7828;
				ENABLE_HARDENED_RUNTIME = YES;
				ENABLE_PREVIEWS = YES;
				GENERATE_INFOPLIST_FILE = YES;
				INFOPLIST_KEY_NSHumanReadableCopyright = "";
				LD_RUNPATH_SEARCH_PATHS = (
					"$(inherited)",
					"@executable_path/../Frameworks",
				);
				MARKETING_VERSION = 1.0;
				PRODUCT_BUNDLE_IDENTIFIER = "stevenstudio.SwiftiDate-Admin";
				PRODUCT_NAME = "$(TARGET_NAME)";
				SWIFT_EMIT_LOC_STRINGS = YES;
				SWIFT_VERSION = 5.0;
			};
			name = Release;
		};
		D09588092CB9142400BCD04B /* Debug */ = {
			isa = XCBuildConfiguration;
			buildSettings = {
				ALWAYS_EMBED_SWIFT_STANDARD_LIBRARIES = YES;
				BUNDLE_LOADER = "$(TEST_HOST)";
				CODE_SIGN_STYLE = Automatic;
				CURRENT_PROJECT_VERSION = 1;
				DEVELOPMENT_TEAM = 5YGLWU7828;
				GENERATE_INFOPLIST_FILE = YES;
				MACOSX_DEPLOYMENT_TARGET = 14.5;
				MARKETING_VERSION = 1.0;
				PRODUCT_BUNDLE_IDENTIFIER = "stevenstudio.SwiftiDate-AdminTests";
				PRODUCT_NAME = "$(TARGET_NAME)";
				SWIFT_EMIT_LOC_STRINGS = NO;
				SWIFT_VERSION = 5.0;
				TEST_HOST = "$(BUILT_PRODUCTS_DIR)/SwiftiDate-Admin.app/$(BUNDLE_EXECUTABLE_FOLDER_PATH)/SwiftiDate-Admin";
			};
			name = Debug;
		};
		D095880A2CB9142400BCD04B /* Release */ = {
			isa = XCBuildConfiguration;
			buildSettings = {
				ALWAYS_EMBED_SWIFT_STANDARD_LIBRARIES = YES;
				BUNDLE_LOADER = "$(TEST_HOST)";
				CODE_SIGN_STYLE = Automatic;
				CURRENT_PROJECT_VERSION = 1;
				DEVELOPMENT_TEAM = 5YGLWU7828;
				GENERATE_INFOPLIST_FILE = YES;
				MACOSX_DEPLOYMENT_TARGET = 14.5;
				MARKETING_VERSION = 1.0;
				PRODUCT_BUNDLE_IDENTIFIER = "stevenstudio.SwiftiDate-AdminTests";
				PRODUCT_NAME = "$(TARGET_NAME)";
				SWIFT_EMIT_LOC_STRINGS = NO;
				SWIFT_VERSION = 5.0;
				TEST_HOST = "$(BUILT_PRODUCTS_DIR)/SwiftiDate-Admin.app/$(BUNDLE_EXECUTABLE_FOLDER_PATH)/SwiftiDate-Admin";
			};
			name = Release;
		};
		D095880C2CB9142400BCD04B /* Debug */ = {
			isa = XCBuildConfiguration;
			buildSettings = {
				ALWAYS_EMBED_SWIFT_STANDARD_LIBRARIES = YES;
				CODE_SIGN_STYLE = Automatic;
				CURRENT_PROJECT_VERSION = 1;
				DEVELOPMENT_TEAM = 5YGLWU7828;
				GENERATE_INFOPLIST_FILE = YES;
				MARKETING_VERSION = 1.0;
				PRODUCT_BUNDLE_IDENTIFIER = "stevenstudio.SwiftiDate-AdminUITests";
				PRODUCT_NAME = "$(TARGET_NAME)";
				SWIFT_EMIT_LOC_STRINGS = NO;
				SWIFT_VERSION = 5.0;
				TEST_TARGET_NAME = "SwiftiDate-Admin";
			};
			name = Debug;
		};
		D095880D2CB9142400BCD04B /* Release */ = {
			isa = XCBuildConfiguration;
			buildSettings = {
				ALWAYS_EMBED_SWIFT_STANDARD_LIBRARIES = YES;
				CODE_SIGN_STYLE = Automatic;
				CURRENT_PROJECT_VERSION = 1;
				DEVELOPMENT_TEAM = 5YGLWU7828;
				GENERATE_INFOPLIST_FILE = YES;
				MARKETING_VERSION = 1.0;
				PRODUCT_BUNDLE_IDENTIFIER = "stevenstudio.SwiftiDate-AdminUITests";
				PRODUCT_NAME = "$(TARGET_NAME)";
				SWIFT_EMIT_LOC_STRINGS = NO;
				SWIFT_VERSION = 5.0;
				TEST_TARGET_NAME = "SwiftiDate-Admin";
			};
			name = Release;
		};
/* End XCBuildConfiguration section */

/* Begin XCConfigurationList section */
		D09587DB2CB9142200BCD04B /* Build configuration list for PBXProject "SwiftiDate-Admin" */ = {
			isa = XCConfigurationList;
			buildConfigurations = (
				D09588032CB9142400BCD04B /* Debug */,
				D09588042CB9142400BCD04B /* Release */,
			);
			defaultConfigurationIsVisible = 0;
			defaultConfigurationName = Release;
		};
		D09588052CB9142400BCD04B /* Build configuration list for PBXNativeTarget "SwiftiDate-Admin" */ = {
			isa = XCConfigurationList;
			buildConfigurations = (
				D09588062CB9142400BCD04B /* Debug */,
				D09588072CB9142400BCD04B /* Release */,
			);
			defaultConfigurationIsVisible = 0;
			defaultConfigurationName = Release;
		};
		D09588082CB9142400BCD04B /* Build configuration list for PBXNativeTarget "SwiftiDate-AdminTests" */ = {
			isa = XCConfigurationList;
			buildConfigurations = (
				D09588092CB9142400BCD04B /* Debug */,
				D095880A2CB9142400BCD04B /* Release */,
			);
			defaultConfigurationIsVisible = 0;
			defaultConfigurationName = Release;
		};
		D095880B2CB9142400BCD04B /* Build configuration list for PBXNativeTarget "SwiftiDate-AdminUITests" */ = {
			isa = XCConfigurationList;
			buildConfigurations = (
				D095880C2CB9142400BCD04B /* Debug */,
				D095880D2CB9142400BCD04B /* Release */,
			);
			defaultConfigurationIsVisible = 0;
			defaultConfigurationName = Release;
		};
/* End XCConfigurationList section */
	};
	rootObject = D09587D82CB9142200BCD04B /* Project object */;
}
